PODS:
  - shared (1.0.0)
  - webrtc-kmp (0.89)

DEPENDENCIES:
  - shared (from `../shared`)
  - "webrtc-kmp (from `git@github.com:shepeliev/webrtc-kmp.git`)"

EXTERNAL SOURCES:
  shared:
    :path: "../shared"
  webrtc-kmp:
    :git: "git@github.com:shepeliev/webrtc-kmp.git"

CHECKOUT OPTIONS:
  webrtc-kmp:
    :commit: 26b247e55b85b321007221ff9529f67c6c32257c
    :git: "git@github.com:shepeliev/webrtc-kmp.git"

SPEC CHECKSUMS:
  shared: a9e43544bd019b65076b8b7cfa656b7620a57e54
  webrtc-kmp: dbd8594fa25f8514b07d7520bc342d259c61b015

PODFILE CHECKSUM: 345cfb9917b26068e749b76fdd963615605377e6

COCOAPODS: 1.10.1
